
Microsoft Visual Studio Solution File, Format Version 12.00
# Visual Studio Version 17
VisualStudioVersion = 17.12.35506.116
MinimumVisualStudioVersion = 10.0.40219.1
Project("{FAE04EC0-301F-11D3-BF4B-00C04F79EFBC}") = "HardWares", "HardWares\HardWares.csproj", "{C175C61F-EE83-4480-BE22-F1018051424E}"
EndProject
Project("{FAE04EC0-301F-11D3-BF4B-00C04F79EFBC}") = "测试项目", "测试项目\测试项目.csproj", "{DFBF0C7C-51CF-43CF-B468-419ED8928A46}"
EndProject
Global
	GlobalSection(SolutionConfigurationPlatforms) = preSolution
		Debug|Any CPU = Debug|Any CPU
		Release|Any CPU = Release|Any CPU
	EndGlobalSection
	GlobalSection(ProjectConfigurationPlatforms) = postSolution
		{C175C61F-EE83-4480-BE22-F1018051424E}.Debug|Any CPU.ActiveCfg = Debug|Any CPU
		{C175C61F-EE83-4480-BE22-F1018051424E}.Debug|Any CPU.Build.0 = Debug|Any CPU
		{C175C61F-EE83-4480-BE22-F1018051424E}.Release|Any CPU.ActiveCfg = Release|Any CPU
		{C175C61F-EE83-4480-BE22-F1018051424E}.Release|Any CPU.Build.0 = Release|Any CPU
		{DFBF0C7C-51CF-43CF-B468-419ED8928A46}.Debug|Any CPU.ActiveCfg = Debug|Any CPU
		{DFBF0C7C-51CF-43CF-B468-419ED8928A46}.Debug|Any CPU.Build.0 = Debug|Any CPU
		{DFBF0C7C-51CF-43CF-B468-419ED8928A46}.Release|Any CPU.ActiveCfg = Release|Any CPU
		{DFBF0C7C-51CF-43CF-B468-419ED8928A46}.Release|Any CPU.Build.0 = Release|Any CPU
	EndGlobalSection
	GlobalSection(SolutionProperties) = preSolution
		HideSolutionNode = FALSE
	EndGlobalSection
	GlobalSection(ExtensibilityGlobals) = postSolution
		SolutionGuid = {067996E5-A2E7-4FAA-AF2B-D20A3B5E49E9}
	EndGlobalSection
EndGlobal
